
Microsoft Visual Studio Solution File, Format Version 12.00
# Visual Studio Version 17
VisualStudioVersion = 17.4.33213.308
MinimumVisualStudioVersion = 10.0.40219.1
Project("{9A19103F-16F7-4668-BE54-9A1E7A4F7556}") = "NewsApi", "NewsApi\NewsApi.csproj", "{830CFAC5-25BD-4BE6-9D7E-3CA799DA0C8F}"
EndProject
Global
	GlobalSection(SolutionConfigurationPlatforms) = preSolution
		Debug|Any CPU = Debug|Any CPU
		Release|Any CPU = Release|Any CPU
	EndGlobalSection
	GlobalSection(ProjectConfigurationPlatforms) = postSolution
		{830CFAC5-25BD-4BE6-9D7E-3CA799DA0C8F}.Debug|Any CPU.ActiveCfg = Debug|Any CPU
		{830CFAC5-25BD-4BE6-9D7E-3CA799DA0C8F}.Debug|Any CPU.Build.0 = Debug|Any CPU
		{830CFAC5-25BD-4BE6-9D7E-3CA799DA0C8F}.Release|Any CPU.ActiveCfg = Release|Any CPU
		{830CFAC5-25BD-4BE6-9D7E-3CA799DA0C8F}.Release|Any CPU.Build.0 = Release|Any CPU
		{CCB0A1EE-B6DF-4C84-A521-3DA071742189}.Debug|Any CPU.ActiveCfg = Debug|Any CPU
		{CCB0A1EE-B6DF-4C84-A521-3DA071742189}.Debug|Any CPU.Build.0 = Debug|Any CPU
		{CCB0A1EE-B6DF-4C84-A521-3DA071742189}.Release|Any CPU.ActiveCfg = Release|Any CPU
		{CCB0A1EE-B6DF-4C84-A521-3DA071742189}.Release|Any CPU.Build.0 = Release|Any CPU
	EndGlobalSection
	GlobalSection(SolutionProperties) = preSolution
		HideSolutionNode = FALSE
	EndGlobalSection
	GlobalSection(ExtensibilityGlobals) = postSolution
		SolutionGuid = {494B2DE5-1B59-4B1E-9668-195E5E2958D5}
	EndGlobalSection
EndGlobal
